
Microsoft Visual Studio Solution File, Format Version 12.00
# Visual Studio Version 16
VisualStudioVersion = 16.0.29001.49
MinimumVisualStudioVersion = 10.0.40219.1
Project("{E24C65DC-7377-472B-9ABA-BC803B73C61A}") = "MyCloudSite.Web", "MyCloudSite.Web\", "{E7DABEBF-C8FF-4BFB-B72E-2B8AA8514225}"
	ProjectSection(WebsiteProperties) = preProject
		TargetFrameworkMoniker = ".NETFramework,Version%3Dv4.7.2"
		Debug.AspNetCompiler.VirtualPath = "/localhost_8768"
		Debug.AspNetCompiler.PhysicalPath = "MyCloudSite.Web\"
		Debug.AspNetCompiler.TargetPath = "PrecompiledWeb\localhost_8768\"
		Debug.AspNetCompiler.Updateable = "true"
		Debug.AspNetCompiler.ForceOverwrite = "true"
		Debug.AspNetCompiler.FixedNames = "false"
		Debug.AspNetCompiler.Debug = "True"
		Release.AspNetCompiler.VirtualPath = "/localhost_8768"
		Release.AspNetCompiler.PhysicalPath = "MyCloudSite.Web\"
		Release.AspNetCompiler.TargetPath = "PrecompiledWeb\localhost_8768\"
		Release.AspNetCompiler.Updateable = "true"
		Release.AspNetCompiler.ForceOverwrite = "true"
		Release.AspNetCompiler.FixedNames = "false"
		Release.AspNetCompiler.Debug = "False"
		VWDPort = "8768"
		SlnRelativePath = "MyCloudSite.Web\"
		DefaultWebSiteLanguage = "Visual C#"
	EndProjectSection
	ProjectSection(ProjectDependencies) = postProject
		{BF7D7B1F-42F9-44B2-8C07-C028666E66A0} = {BF7D7B1F-42F9-44B2-8C07-C028666E66A0}
	EndProjectSection
EndProject
Project("{9A19103F-16F7-4668-BE54-9A1E7A4F7556}") = "MyCloudSite.Core", "MyCloudSite.Core\MyCloudSite.Core.csproj", "{BF7D7B1F-42F9-44B2-8C07-C028666E66A0}"
EndProject
Global
	GlobalSection(SolutionConfigurationPlatforms) = preSolution
		Debug|Any CPU = Debug|Any CPU
		Release|Any CPU = Release|Any CPU
	EndGlobalSection
	GlobalSection(ProjectConfigurationPlatforms) = postSolution
		{E7DABEBF-C8FF-4BFB-B72E-2B8AA8514225}.Debug|Any CPU.ActiveCfg = Debug|Any CPU
		{E7DABEBF-C8FF-4BFB-B72E-2B8AA8514225}.Release|Any CPU.ActiveCfg = Debug|Any CPU
		{BF7D7B1F-42F9-44B2-8C07-C028666E66A0}.Debug|Any CPU.ActiveCfg = Debug|Any CPU
		{BF7D7B1F-42F9-44B2-8C07-C028666E66A0}.Debug|Any CPU.Build.0 = Debug|Any CPU
		{BF7D7B1F-42F9-44B2-8C07-C028666E66A0}.Release|Any CPU.ActiveCfg = Release|Any CPU
		{BF7D7B1F-42F9-44B2-8C07-C028666E66A0}.Release|Any CPU.Build.0 = Release|Any CPU
	EndGlobalSection
	GlobalSection(SolutionProperties) = preSolution
		HideSolutionNode = FALSE
	EndGlobalSection
	GlobalSection(ExtensibilityGlobals) = postSolution
		SolutionGuid = {FE96D57E-0B07-47D3-BF26-6FF9EF365986}
	EndGlobalSection
EndGlobal
